// !$*UTF8*$!
{
	archiveVersion = 1;
	classes = {
	};
	objectVersion = 56;
	objects = {

/* Begin PBXBuildFile section */
		4D9171EA2A5AEE5C00BBF7D1 /* SinglePostView.swift in Sources */ = {isa = PBXBuildFile; fileRef = 4D9171E92A5AEE5C00BBF7D1 /* SinglePostView.swift */; };
		4D9171EC2A5AF7B000BBF7D1 /* DataManager.swift in Sources */ = {isa = PBXBuildFile; fileRef = 4D9171EB2A5AF7B000BBF7D1 /* DataManager.swift */; };
		4DF204722A5AC49F0005D165 /* BlogAppApp.swift in Sources */ = {isa = PBXBuildFile; fileRef = 4DF204712A5AC49F0005D165 /* BlogAppApp.swift */; };
		4DF204762A5AC4A00005D165 /* Assets.xcassets in Resources */ = {isa = PBXBuildFile; fileRef = 4DF204752A5AC4A00005D165 /* Assets.xcassets */; };
		4DF204792A5AC4A00005D165 /* Preview Assets.xcassets in Resources */ = {isa = PBXBuildFile; fileRef = 4DF204782A5AC4A00005D165 /* Preview Assets.xcassets */; };
		4DF204832A5AC4A10005D165 /* BlogAppTests.swift in Sources */ = {isa = PBXBuildFile; fileRef = 4DF204822A5AC4A10005D165 /* BlogAppTests.swift */; };
		4DF2048D2A5AC4A10005D165 /* BlogAppUITests.swift in Sources */ = {isa = PBXBuildFile; fileRef = 4DF2048C2A5AC4A10005D165 /* BlogAppUITests.swift */; };
		4DF2048F2A5AC4A10005D165 /* BlogAppUITestsLaunchTests.swift in Sources */ = {isa = PBXBuildFile; fileRef = 4DF2048E2A5AC4A10005D165 /* BlogAppUITestsLaunchTests.swift */; };
		4DF2049C2A5AC53A0005D165 /* PostModel.swift in Sources */ = {isa = PBXBuildFile; fileRef = 4DF2049B2A5AC53A0005D165 /* PostModel.swift */; };
		4DF2049E2A5AC60C0005D165 /* PostCellView.swift in Sources */ = {isa = PBXBuildFile; fileRef = 4DF2049D2A5AC60C0005D165 /* PostCellView.swift */; };
		4DF204A02A5AD2E40005D165 /* PostFeedView.swift in Sources */ = {isa = PBXBuildFile; fileRef = 4DF2049F2A5AD2E40005D165 /* PostFeedView.swift */; };
/* End PBXBuildFile section */

/* Begin PBXContainerItemProxy section */
		4DF2047F2A5AC4A10005D165 /* PBXContainerItemProxy */ = {
			isa = PBXContainerItemProxy;
			containerPortal = 4DF204662A5AC49F0005D165 /* Project object */;
			proxyType = 1;
			remoteGlobalIDString = 4DF2046D2A5AC49F0005D165;
			remoteInfo = BlogApp;
		};
		4DF204892A5AC4A10005D165 /* PBXContainerItemProxy */ = {
			isa = PBXContainerItemProxy;
			containerPortal = 4DF204662A5AC49F0005D165 /* Project object */;
			proxyType = 1;
			remoteGlobalIDString = 4DF2046D2A5AC49F0005D165;
			remoteInfo = BlogApp;
		};
/* End PBXContainerItemProxy section */

/* Begin PBXFileReference section */
		4D9171E92A5AEE5C00BBF7D1 /* SinglePostView.swift */ = {isa = PBXFileReference; lastKnownFileType = sourcecode.swift; path = SinglePostView.swift; sourceTree = "<group>"; };
		4D9171EB2A5AF7B000BBF7D1 /* DataManager.swift */ = {isa = PBXFileReference; lastKnownFileType = sourcecode.swift; path = DataManager.swift; sourceTree = "<group>"; };
		4D9171EF2A5AF95600BBF7D1 /* Info.plist */ = {isa = PBXFileReference; lastKnownFileType = text.plist.xml; path = Info.plist; sourceTree = "<group>"; };
		4DF2046E2A5AC49F0005D165 /* BlogApp.app */ = {isa = PBXFileReference; explicitFileType = wrapper.application; includeInIndex = 0; path = BlogApp.app; sourceTree = BUILT_PRODUCTS_DIR; };
		4DF204712A5AC49F0005D165 /* BlogAppApp.swift */ = {isa = PBXFileReference; lastKnownFileType = sourcecode.swift; path = BlogAppApp.swift; sourceTree = "<group>"; };
		4DF204752A5AC4A00005D165 /* Assets.xcassets */ = {isa = PBXFileReference; lastKnownFileType = folder.assetcatalog; path = Assets.xcassets; sourceTree = "<group>"; };
		4DF204782A5AC4A00005D165 /* Preview Assets.xcassets */ = {isa = PBXFileReference; lastKnownFileType = folder.assetcatalog; path = "Preview Assets.xcassets"; sourceTree = "<group>"; };
		4DF2047E2A5AC4A00005D165 /* BlogAppTests.xctest */ = {isa = PBXFileReference; explicitFileType = wrapper.cfbundle; includeInIndex = 0; path = BlogAppTests.xctest; sourceTree = BUILT_PRODUCTS_DIR; };
		4DF204822A5AC4A10005D165 /* BlogAppTests.swift */ = {isa = PBXFileReference; lastKnownFileType = sourcecode.swift; path = BlogAppTests.swift; sourceTree = "<group>"; };
		4DF204882A5AC4A10005D165 /* BlogAppUITests.xctest */ = {isa = PBXFileReference; explicitFileType = wrapper.cfbundle; includeInIndex = 0; path = BlogAppUITests.xctest; sourceTree = BUILT_PRODUCTS_DIR; };
		4DF2048C2A5AC4A10005D165 /* BlogAppUITests.swift */ = {isa = PBXFileReference; lastKnownFileType = sourcecode.swift; path = BlogAppUITests.swift; sourceTree = "<group>"; };
		4DF2048E2A5AC4A10005D165 /* BlogAppUITestsLaunchTests.swift */ = {isa = PBXFileReference; lastKnownFileType = sourcecode.swift; path = BlogAppUITestsLaunchTests.swift; sourceTree = "<group>"; };
		4DF2049B2A5AC53A0005D165 /* PostModel.swift */ = {isa = PBXFileReference; lastKnownFileType = sourcecode.swift; path = PostModel.swift; sourceTree = "<group>"; };
		4DF2049D2A5AC60C0005D165 /* PostCellView.swift */ = {isa = PBXFileReference; lastKnownFileType = sourcecode.swift; path = PostCellView.swift; sourceTree = "<group>"; };
		4DF2049F2A5AD2E40005D165 /* PostFeedView.swift */ = {isa = PBXFileReference; lastKnownFileType = sourcecode.swift; path = PostFeedView.swift; sourceTree = "<group>"; };
/* End PBXFileReference section */

/* Begin PBXFrameworksBuildPhase section */
		4DF2046B2A5AC49F0005D165 /* Frameworks */ = {
			isa = PBXFrameworksBuildPhase;
			buildActionMask = 2147483647;
			files = (
			);
			runOnlyForDeploymentPostprocessing = 0;
		};
		4DF2047B2A5AC4A00005D165 /* Frameworks */ = {
			isa = PBXFrameworksBuildPhase;
			buildActionMask = 2147483647;
			files = (
			);
			runOnlyForDeploymentPostprocessing = 0;
		};
		4DF204852A5AC4A10005D165 /* Frameworks */ = {
			isa = PBXFrameworksBuildPhase;
			buildActionMask = 2147483647;
			files = (
			);
			runOnlyForDeploymentPostprocessing = 0;
		};
/* End PBXFrameworksBuildPhase section */

/* Begin PBXGroup section */
		4D9171ED2A5AF87600BBF7D1 /* Views */ = {
			isa = PBXGroup;
			children = (
				4DF2049D2A5AC60C0005D165 /* PostCellView.swift */,
				4DF2049F2A5AD2E40005D165 /* PostFeedView.swift */,
				4D9171E92A5AEE5C00BBF7D1 /* SinglePostView.swift */,
			);
			path = Views;
			sourceTree = "<group>";
		};
		4D9171EE2A5AF88800BBF7D1 /* Models */ = {
			isa = PBXGroup;
			children = (
				4DF2049B2A5AC53A0005D165 /* PostModel.swift */,
			);
			path = Models;
			sourceTree = "<group>";
		};
		4D9171F02A5AFA9700BBF7D1 /* Managers */ = {
			isa = PBXGroup;
			children = (
				4D9171EB2A5AF7B000BBF7D1 /* DataManager.swift */,
			);
			path = Managers;
			sourceTree = "<group>";
		};
		4DF204652A5AC49F0005D165 = {
			isa = PBXGroup;
			children = (
				4DF204702A5AC49F0005D165 /* BlogApp */,
				4DF204812A5AC4A10005D165 /* BlogAppTests */,
				4DF2048B2A5AC4A10005D165 /* BlogAppUITests */,
				4DF2046F2A5AC49F0005D165 /* Products */,
			);
			sourceTree = "<group>";
		};
		4DF2046F2A5AC49F0005D165 /* Products */ = {
			isa = PBXGroup;
			children = (
				4DF2046E2A5AC49F0005D165 /* BlogApp.app */,
				4DF2047E2A5AC4A00005D165 /* BlogAppTests.xctest */,
				4DF204882A5AC4A10005D165 /* BlogAppUITests.xctest */,
			);
			name = Products;
			sourceTree = "<group>";
		};
		4DF204702A5AC49F0005D165 /* BlogApp */ = {
			isa = PBXGroup;
			children = (
				4D9171F02A5AFA9700BBF7D1 /* Managers */,
				4D9171EE2A5AF88800BBF7D1 /* Models */,
				4D9171ED2A5AF87600BBF7D1 /* Views */,
				4DF204712A5AC49F0005D165 /* BlogAppApp.swift */,
				4DF204752A5AC4A00005D165 /* Assets.xcassets */,
				4D9171EF2A5AF95600BBF7D1 /* Info.plist */,
				4DF204772A5AC4A00005D165 /* Preview Content */,
			);
			path = BlogApp;
			sourceTree = "<group>";
		};
		4DF204772A5AC4A00005D165 /* Preview Content */ = {
			isa = PBXGroup;
			children = (
				4DF204782A5AC4A00005D165 /* Preview Assets.xcassets */,
			);
			path = "Preview Content";
			sourceTree = "<group>";
		};
		4DF204812A5AC4A10005D165 /* BlogAppTests */ = {
			isa = PBXGroup;
			children = (
				4DF204822A5AC4A10005D165 /* BlogAppTests.swift */,
			);
			path = BlogAppTests;
			sourceTree = "<group>";
		};
		4DF2048B2A5AC4A10005D165 /* BlogAppUITests */ = {
			isa = PBXGroup;
			children = (
				4DF2048C2A5AC4A10005D165 /* BlogAppUITests.swift */,
				4DF2048E2A5AC4A10005D165 /* BlogAppUITestsLaunchTests.swift */,
			);
			path = BlogAppUITests;
			sourceTree = "<group>";
		};
/* End PBXGroup section */

/* Begin PBXNativeTarget section */
		4DF2046D2A5AC49F0005D165 /* BlogApp */ = {
			isa = PBXNativeTarget;
			buildConfigurationList = 4DF204922A5AC4A10005D165 /* Build configuration list for PBXNativeTarget "BlogApp" */;
			buildPhases = (
				4DF2046A2A5AC49F0005D165 /* Sources */,
				4DF2046B2A5AC49F0005D165 /* Frameworks */,
				4DF2046C2A5AC49F0005D165 /* Resources */,
			);
			buildRules = (
			);
			dependencies = (
			);
			name = BlogApp;
			productName = BlogApp;
			productReference = 4DF2046E2A5AC49F0005D165 /* BlogApp.app */;
			productType = "com.apple.product-type.application";
		};
		4DF2047D2A5AC4A00005D165 /* BlogAppTests */ = {
			isa = PBXNativeTarget;
			buildConfigurationList = 4DF204952A5AC4A10005D165 /* Build configuration list for PBXNativeTarget "BlogAppTests" */;
			buildPhases = (
				4DF2047A2A5AC4A00005D165 /* Sources */,
				4DF2047B2A5AC4A00005D165 /* Frameworks */,
				4DF2047C2A5AC4A00005D165 /* Resources */,
			);
			buildRules = (
			);
			dependencies = (
				4DF204802A5AC4A10005D165 /* PBXTargetDependency */,
			);
			name = BlogAppTests;
			productName = BlogAppTests;
			productReference = 4DF2047E2A5AC4A00005D165 /* BlogAppTests.xctest */;
			productType = "com.apple.product-type.bundle.unit-test";
		};
		4DF204872A5AC4A10005D165 /* BlogAppUITests */ = {
			isa = PBXNativeTarget;
			buildConfigurationList = 4DF204982A5AC4A10005D165 /* Build configuration list for PBXNativeTarget "BlogAppUITests" */;
			buildPhases = (
				4DF204842A5AC4A10005D165 /* Sources */,
				4DF204852A5AC4A10005D165 /* Frameworks */,
				4DF204862A5AC4A10005D165 /* Resources */,
			);
			buildRules = (
			);
			dependencies = (
				4DF2048A2A5AC4A10005D165 /* PBXTargetDependency */,
			);
			name = BlogAppUITests;
			productName = BlogAppUITests;
			productReference = 4DF204882A5AC4A10005D165 /* BlogAppUITests.xctest */;
			productType = "com.apple.product-type.bundle.ui-testing";
		};
/* End PBXNativeTarget section */

/* Begin PBXProject section */
		4DF204662A5AC49F0005D165 /* Project object */ = {
			isa = PBXProject;
			attributes = {
				BuildIndependentTargetsInParallel = 1;
				LastSwiftUpdateCheck = 1420;
				LastUpgradeCheck = 1420;
				TargetAttributes = {
					4DF2046D2A5AC49F0005D165 = {
						CreatedOnToolsVersion = 14.2;
					};
					4DF2047D2A5AC4A00005D165 = {
						CreatedOnToolsVersion = 14.2;
						TestTargetID = 4DF2046D2A5AC49F0005D165;
					};
					4DF204872A5AC4A10005D165 = {
						CreatedOnToolsVersion = 14.2;
						TestTargetID = 4DF2046D2A5AC49F0005D165;
					};
				};
			};
			buildConfigurationList = 4DF204692A5AC49F0005D165 /* Build configuration list for PBXProject "BlogApp" */;
			compatibilityVersion = "Xcode 14.0";
			developmentRegion = en;
			hasScannedForEncodings = 0;
			knownRegions = (
				en,
				Base,
			);
			mainGroup = 4DF204652A5AC49F0005D165;
			productRefGroup = 4DF2046F2A5AC49F0005D165 /* Products */;
			projectDirPath = "";
			projectRoot = "";
			targets = (
				4DF2046D2A5AC49F0005D165 /* BlogApp */,
				4DF2047D2A5AC4A00005D165 /* BlogAppTests */,
				4DF204872A5AC4A10005D165 /* BlogAppUITests */,
			);
		};
/* End PBXProject section */

/* Begin PBXResourcesBuildPhase section */
		4DF2046C2A5AC49F0005D165 /* Resources */ = {
			isa = PBXResourcesBuildPhase;
			buildActionMask = 2147483647;
			files = (
				4DF204792A5AC4A00005D165 /* Preview Assets.xcassets in Resources */,
				4DF204762A5AC4A00005D165 /* Assets.xcassets in Resources */,
			);
			runOnlyForDeploymentPostprocessing = 0;
		};
		4DF2047C2A5AC4A00005D165 /* Resources */ = {
			isa = PBXResourcesBuildPhase;
			buildActionMask = 2147483647;
			files = (
			);
			runOnlyForDeploymentPostprocessing = 0;
		};
		4DF204862A5AC4A10005D165 /* Resources */ = {
			isa = PBXResourcesBuildPhase;
			buildActionMask = 2147483647;
			files = (
			);
			runOnlyForDeploymentPostprocessing = 0;
		};
/* End PBXResourcesBuildPhase section */

/* Begin PBXSourcesBuildPhase section */
		4DF2046A2A5AC49F0005D165 /* Sources */ = {
			isa = PBXSourcesBuildPhase;
			buildActionMask = 2147483647;
			files = (
				4D9171EA2A5AEE5C00BBF7D1 /* SinglePostView.swift in Sources */,
				4DF2049C2A5AC53A0005D165 /* PostModel.swift in Sources */,
				4D9171EC2A5AF7B000BBF7D1 /* DataManager.swift in Sources */,
				4DF204A02A5AD2E40005D165 /* PostFeedView.swift in Sources */,
				4DF2049E2A5AC60C0005D165 /* PostCellView.swift in Sources */,
				4DF204722A5AC49F0005D165 /* BlogAppApp.swift in Sources */,
			);
			runOnlyForDeploymentPostprocessing = 0;
		};
		4DF2047A2A5AC4A00005D165 /* Sources */ = {
			isa = PBXSourcesBuildPhase;
			buildActionMask = 2147483647;
			files = (
				4DF204832A5AC4A10005D165 /* BlogAppTests.swift in Sources */,
			);
			runOnlyForDeploymentPostprocessing = 0;
		};
		4DF204842A5AC4A10005D165 /* Sources */ = {
			isa = PBXSourcesBuildPhase;
			buildActionMask = 2147483647;
			files = (
				4DF2048F2A5AC4A10005D165 /* BlogAppUITestsLaunchTests.swift in Sources */,
				4DF2048D2A5AC4A10005D165 /* BlogAppUITests.swift in Sources */,
			);
			runOnlyForDeploymentPostprocessing = 0;
		};
/* End PBXSourcesBuildPhase section */

/* Begin PBXTargetDependency section */
		4DF204802A5AC4A10005D165 /* PBXTargetDependency */ = {
			isa = PBXTargetDependency;
			target = 4DF2046D2A5AC49F0005D165 /* BlogApp */;
			targetProxy = 4DF2047F2A5AC4A10005D165 /* PBXContainerItemProxy */;
		};
		4DF2048A2A5AC4A10005D165 /* PBXTargetDependency */ = {
			isa = PBXTargetDependency;
			target = 4DF2046D2A5AC49F0005D165 /* BlogApp */;
			targetProxy = 4DF204892A5AC4A10005D165 /* PBXContainerItemProxy */;
		};
/* End PBXTargetDependency section */

/* Begin XCBuildConfiguration section */
		4DF204902A5AC4A10005D165 /* Debug */ = {
			isa = XCBuildConfiguration;
			buildSettings = {
				ALWAYS_SEARCH_USER_PATHS = NO;
				CLANG_ANALYZER_NONNULL = YES;
				CLANG_ANALYZER_NUMBER_OBJECT_CONVERSION = YES_AGGRESSIVE;
				CLANG_CXX_LANGUAGE_STANDARD = "gnu++20";
				CLANG_ENABLE_MODULES = YES;
				CLANG_ENABLE_OBJC_ARC = YES;
				CLANG_ENABLE_OBJC_WEAK = YES;
				CLANG_WARN_BLOCK_CAPTURE_AUTORELEASING = YES;
				CLANG_WARN_BOOL_CONVERSION = YES;
				CLANG_WARN_COMMA = YES;
				CLANG_WARN_CONSTANT_CONVERSION = YES;
				CLANG_WARN_DEPRECATED_OBJC_IMPLEMENTATIONS = YES;
				CLANG_WARN_DIRECT_OBJC_ISA_USAGE = YES_ERROR;
				CLANG_WARN_DOCUMENTATION_COMMENTS = YES;
				CLANG_WARN_EMPTY_BODY = YES;
				CLANG_WARN_ENUM_CONVERSION = YES;
				CLANG_WARN_INFINITE_RECURSION = YES;
				CLANG_WARN_INT_CONVERSION = YES;
				CLANG_WARN_NON_LITERAL_NULL_CONVERSION = YES;
				CLANG_WARN_OBJC_IMPLICIT_RETAIN_SELF = YES;
				CLANG_WARN_OBJC_LITERAL_CONVERSION = YES;
				CLANG_WARN_OBJC_ROOT_CLASS = YES_ERROR;
				CLANG_WARN_QUOTED_INCLUDE_IN_FRAMEWORK_HEADER = YES;
				CLANG_WARN_RANGE_LOOP_ANALYSIS = YES;
				CLANG_WARN_STRICT_PROTOTYPES = YES;
				CLANG_WARN_SUSPICIOUS_MOVE = YES;
				CLANG_WARN_UNGUARDED_AVAILABILITY = YES_AGGRESSIVE;
				CLANG_WARN_UNREACHABLE_CODE = YES;
				CLANG_WARN__DUPLICATE_METHOD_MATCH = YES;
				COPY_PHASE_STRIP = NO;
				DEBUG_INFORMATION_FORMAT = dwarf;
				ENABLE_STRICT_OBJC_MSGSEND = YES;
				ENABLE_TESTABILITY = YES;
				GCC_C_LANGUAGE_STANDARD = gnu11;
				GCC_DYNAMIC_NO_PIC = NO;
				GCC_NO_COMMON_BLOCKS = YES;
				GCC_OPTIMIZATION_LEVEL = 0;
				GCC_PREPROCESSOR_DEFINITIONS = (
					"DEBUG=1",
					"$(inherited)",
				);
				GCC_WARN_64_TO_32_BIT_CONVERSION = YES;
				GCC_WARN_ABOUT_RETURN_TYPE = YES_ERROR;
				GCC_WARN_UNDECLARED_SELECTOR = YES;
				GCC_WARN_UNINITIALIZED_AUTOS = YES_AGGRESSIVE;
				GCC_WARN_UNUSED_FUNCTION = YES;
				GCC_WARN_UNUSED_VARIABLE = YES;
				IPHONEOS_DEPLOYMENT_TARGET = 16.2;
				MTL_ENABLE_DEBUG_INFO = INCLUDE_SOURCE;
				MTL_FAST_MATH = YES;
				ONLY_ACTIVE_ARCH = YES;
				SDKROOT = iphoneos;
				SWIFT_ACTIVE_COMPILATION_CONDITIONS = DEBUG;
				SWIFT_OPTIMIZATION_LEVEL = "-Onone";
			};
			name = Debug;
		};
		4DF204912A5AC4A10005D165 /* Release */ = {
			isa = XCBuildConfiguration;
			buildSettings = {
				ALWAYS_SEARCH_USER_PATHS = NO;
				CLANG_ANALYZER_NONNULL = YES;
				CLANG_ANALYZER_NUMBER_OBJECT_CONVERSION = YES_AGGRESSIVE;
				CLANG_CXX_LANGUAGE_STANDARD = "gnu++20";
				CLANG_ENABLE_MODULES = YES;
				CLANG_ENABLE_OBJC_ARC = YES;
				CLANG_ENABLE_OBJC_WEAK = YES;
				CLANG_WARN_BLOCK_CAPTURE_AUTORELEASING = YES;
				CLANG_WARN_BOOL_CONVERSION = YES;
				CLANG_WARN_COMMA = YES;
				CLANG_WARN_CONSTANT_CONVERSION = YES;
				CLANG_WARN_DEPRECATED_OBJC_IMPLEMENTATIONS = YES;
				CLANG_WARN_DIRECT_OBJC_ISA_USAGE = YES_ERROR;
				CLANG_WARN_DOCUMENTATION_COMMENTS = YES;
				CLANG_WARN_EMPTY_BODY = YES;
				CLANG_WARN_ENUM_CONVERSION = YES;
				CLANG_WARN_INFINITE_RECURSION = YES;
				CLANG_WARN_INT_CONVERSION = YES;
				CLANG_WARN_NON_LITERAL_NULL_CONVERSION = YES;
				CLANG_WARN_OBJC_IMPLICIT_RETAIN_SELF = YES;
				CLANG_WARN_OBJC_LITERAL_CONVERSION = YES;
				CLANG_WARN_OBJC_ROOT_CLASS = YES_ERROR;
				CLANG_WARN_QUOTED_INCLUDE_IN_FRAMEWORK_HEADER = YES;
				CLANG_WARN_RANGE_LOOP_ANALYSIS = YES;
				CLANG_WARN_STRICT_PROTOTYPES = YES;
				CLANG_WARN_SUSPICIOUS_MOVE = YES;
				CLANG_WARN_UNGUARDED_AVAILABILITY = YES_AGGRESSIVE;
				CLANG_WARN_UNREACHABLE_CODE = YES;
				CLANG_WARN__DUPLICATE_METHOD_MATCH = YES;
				COPY_PHASE_STRIP = NO;
				DEBUG_INFORMATION_FORMAT = "dwarf-with-dsym";
				ENABLE_NS_ASSERTIONS = NO;
				ENABLE_STRICT_OBJC_MSGSEND = YES;
				GCC_C_LANGUAGE_STANDARD = gnu11;
				GCC_NO_COMMON_BLOCKS = YES;
				GCC_WARN_64_TO_32_BIT_CONVERSION = YES;
				GCC_WARN_ABOUT_RETURN_TYPE = YES_ERROR;
				GCC_WARN_UNDECLARED_SELECTOR = YES;
				GCC_WARN_UNINITIALIZED_AUTOS = YES_AGGRESSIVE;
				GCC_WARN_UNUSED_FUNCTION = YES;
				GCC_WARN_UNUSED_VARIABLE = YES;
				IPHONEOS_DEPLOYMENT_TARGET = 16.2;
				MTL_ENABLE_DEBUG_INFO = NO;
				MTL_FAST_MATH = YES;
				SDKROOT = iphoneos;
				SWIFT_COMPILATION_MODE = wholemodule;
				SWIFT_OPTIMIZATION_LEVEL = "-O";
				VALIDATE_PRODUCT = YES;
			};
			name = Release;
		};
		4DF204932A5AC4A10005D165 /* Debug */ = {
			isa = XCBuildConfiguration;
			buildSettings = {
				ASSETCATALOG_COMPILER_APPICON_NAME = AppIcon;
				ASSETCATALOG_COMPILER_GLOBAL_ACCENT_COLOR_NAME = AccentColor;
				CODE_SIGN_STYLE = Automatic;
				CURRENT_PROJECT_VERSION = 1;
				DEVELOPMENT_ASSET_PATHS = "\"BlogApp/Preview Content\"";
				ENABLE_PREVIEWS = YES;
				GENERATE_INFOPLIST_FILE = YES;
				INFOPLIST_FILE = BlogApp/Info.plist;
				INFOPLIST_KEY_UIApplicationSceneManifest_Generation = YES;
				INFOPLIST_KEY_UIApplicationSupportsIndirectInputEvents = YES;
				INFOPLIST_KEY_UILaunchScreen_Generation = YES;
				INFOPLIST_KEY_UISupportedInterfaceOrientations_iPad = "UIInterfaceOrientationPortrait UIInterfaceOrientationPortraitUpsideDown UIInterfaceOrientationLandscapeLeft UIInterfaceOrientationLandscapeRight";
				INFOPLIST_KEY_UISupportedInterfaceOrientations_iPhone = "UIInterfaceOrientationPortrait UIInterfaceOrientationLandscapeLeft UIInterfaceOrientationLandscapeRight";
				LD_RUNPATH_SEARCH_PATHS = (
					"$(inherited)",
					"@executable_path/Frameworks",
				);
				MARKETING_VERSION = 1.0;
				PRODUCT_BUNDLE_IDENTIFIER = com.personal.BlogApp;
				PRODUCT_NAME = "$(TARGET_NAME)";
				SWIFT_EMIT_LOC_STRINGS = YES;
				SWIFT_VERSION = 5.0;
				TARGETED_DEVICE_FAMILY = "1,2";
			};
			name = Debug;
		};
		4DF204942A5AC4A10005D165 /* Release */ = {
			isa = XCBuildConfiguration;
			buildSettings = {
				ASSETCATALOG_COMPILER_APPICON_NAME = AppIcon;
				ASSETCATALOG_COMPILER_GLOBAL_ACCENT_COLOR_NAME = AccentColor;
				CODE_SIGN_STYLE = Automatic;
				CURRENT_PROJECT_VERSION = 1;
				DEVELOPMENT_ASSET_PATHS = "\"BlogApp/Preview Content\"";
				ENABLE_PREVIEWS = YES;
				GENERATE_INFOPLIST_FILE = YES;
				INFOPLIST_FILE = BlogApp/Info.plist;
				INFOPLIST_KEY_UIApplicationSceneManifest_Generation = YES;
				INFOPLIST_KEY_UIApplicationSupportsIndirectInputEvents = YES;
				INFOPLIST_KEY_UILaunchScreen_Generation = YES;
				INFOPLIST_KEY_UISupportedInterfaceOrientations_iPad = "UIInterfaceOrientationPortrait UIInterfaceOrientationPortraitUpsideDown UIInterfaceOrientationLandscapeLeft UIInterfaceOrientationLandscapeRight";
				INFOPLIST_KEY_UISupportedInterfaceOrientations_iPhone = "UIInterfaceOrientationPortrait UIInterfaceOrientationLandscapeLeft UIInterfaceOrientationLandscapeRight";
				LD_RUNPATH_SEARCH_PATHS = (
					"$(inherited)",
					"@executable_path/Frameworks",
				);
				MARKETING_VERSION = 1.0;
				PRODUCT_BUNDLE_IDENTIFIER = com.personal.BlogApp;
				PRODUCT_NAME = "$(TARGET_NAME)";
				SWIFT_EMIT_LOC_STRINGS = YES;
				SWIFT_VERSION = 5.0;
				TARGETED_DEVICE_FAMILY = "1,2";
			};
			name = Release;
		};
		4DF204962A5AC4A10005D165 /* Debug */ = {
			isa = XCBuildConfiguration;
			buildSettings = {
				ALWAYS_EMBED_SWIFT_STANDARD_LIBRARIES = YES;
				BUNDLE_LOADER = "$(TEST_HOST)";
				CODE_SIGN_STYLE = Automatic;
				CURRENT_PROJECT_VERSION = 1;
				GENERATE_INFOPLIST_FILE = YES;
				IPHONEOS_DEPLOYMENT_TARGET = 16.2;
				MARKETING_VERSION = 1.0;
				PRODUCT_BUNDLE_IDENTIFIER = com.personal.BlogAppTests;
				PRODUCT_NAME = "$(TARGET_NAME)";
				SWIFT_EMIT_LOC_STRINGS = NO;
				SWIFT_VERSION = 5.0;
				TARGETED_DEVICE_FAMILY = "1,2";
				TEST_HOST = "$(BUILT_PRODUCTS_DIR)/BlogApp.app/$(BUNDLE_EXECUTABLE_FOLDER_PATH)/BlogApp";
			};
			name = Debug;
		};
		4DF204972A5AC4A10005D165 /* Release */ = {
			isa = XCBuildConfiguration;
			buildSettings = {
				ALWAYS_EMBED_SWIFT_STANDARD_LIBRARIES = YES;
				BUNDLE_LOADER = "$(TEST_HOST)";
				CODE_SIGN_STYLE = Automatic;
				CURRENT_PROJECT_VERSION = 1;
				GENERATE_INFOPLIST_FILE = YES;
				IPHONEOS_DEPLOYMENT_TARGET = 16.2;
				MARKETING_VERSION = 1.0;
				PRODUCT_BUNDLE_IDENTIFIER = com.personal.BlogAppTests;
				PRODUCT_NAME = "$(TARGET_NAME)";
				SWIFT_EMIT_LOC_STRINGS = NO;
				SWIFT_VERSION = 5.0;
				TARGETED_DEVICE_FAMILY = "1,2";
				TEST_HOST = "$(BUILT_PRODUCTS_DIR)/BlogApp.app/$(BUNDLE_EXECUTABLE_FOLDER_PATH)/BlogApp";
			};
			name = Release;
		};
		4DF204992A5AC4A10005D165 /* Debug */ = {
			isa = XCBuildConfiguration;
			buildSettings = {
				ALWAYS_EMBED_SWIFT_STANDARD_LIBRARIES = YES;
				CODE_SIGN_STYLE = Automatic;
				CURRENT_PROJECT_VERSION = 1;
				GENERATE_INFOPLIST_FILE = YES;
				MARKETING_VERSION = 1.0;
				PRODUCT_BUNDLE_IDENTIFIER = com.personal.BlogAppUITests;
				PRODUCT_NAME = "$(TARGET_NAME)";
				SWIFT_EMIT_LOC_STRINGS = NO;
				SWIFT_VERSION = 5.0;
				TARGETED_DEVICE_FAMILY = "1,2";
				TEST_TARGET_NAME = BlogApp;
			};
			name = Debug;
		};
		4DF2049A2A5AC4A10005D165 /* Release */ = {
			isa = XCBuildConfiguration;
			buildSettings = {
				ALWAYS_EMBED_SWIFT_STANDARD_LIBRARIES = YES;
				CODE_SIGN_STYLE = Automatic;
				CURRENT_PROJECT_VERSION = 1;
				GENERATE_INFOPLIST_FILE = YES;
				MARKETING_VERSION = 1.0;
				PRODUCT_BUNDLE_IDENTIFIER = com.personal.BlogAppUITests;
				PRODUCT_NAME = "$(TARGET_NAME)";
				SWIFT_EMIT_LOC_STRINGS = NO;
				SWIFT_VERSION = 5.0;
				TARGETED_DEVICE_FAMILY = "1,2";
				TEST_TARGET_NAME = BlogApp;
			};
			name = Release;
		};
/* End XCBuildConfiguration section */

/* Begin XCConfigurationList section */
		4DF204692A5AC49F0005D165 /* Build configuration list for PBXProject "BlogApp" */ = {
			isa = XCConfigurationList;
			buildConfigurations = (
				4DF204902A5AC4A10005D165 /* Debug */,
				4DF204912A5AC4A10005D165 /* Release */,
			);
			defaultConfigurationIsVisible = 0;
			defaultConfigurationName = Release;
		};
		4DF204922A5AC4A10005D165 /* Build configuration list for PBXNativeTarget "BlogApp" */ = {
			isa = XCConfigurationList;
			buildConfigurations = (
				4DF204932A5AC4A10005D165 /* Debug */,
				4DF204942A5AC4A10005D165 /* Release */,
			);
			defaultConfigurationIsVisible = 0;
			defaultConfigurationName = Release;
		};
		4DF204952A5AC4A10005D165 /* Build configuration list for PBXNativeTarget "BlogAppTests" */ = {
			isa = XCConfigurationList;
			buildConfigurations = (
				4DF204962A5AC4A10005D165 /* Debug */,
				4DF204972A5AC4A10005D165 /* Release */,
			);
			defaultConfigurationIsVisible = 0;
			defaultConfigurationName = Release;
		};
		4DF204982A5AC4A10005D165 /* Build configuration list for PBXNativeTarget "BlogAppUITests" */ = {
			isa = XCConfigurationList;
			buildConfigurations = (
				4DF204992A5AC4A10005D165 /* Debug */,
				4DF2049A2A5AC4A10005D165 /* Release */,
			);
			defaultConfigurationIsVisible = 0;
			defaultConfigurationName = Release;
		};
/* End XCConfigurationList section */
	};
	rootObject = 4DF204662A5AC49F0005D165 /* Project object */;
}
